
Microsoft Visual Studio Solution File, Format Version 12.00
# Visual Studio 14
VisualStudioVersion = 14.0.25420.1
MinimumVisualStudioVersion = 10.0.40219.1
Project("{FAE04EC0-301F-11D3-BF4B-00C04F79EFBC}") = "FileHistorian", "FileHistorian\FileHistorian.csproj", "{064663FE-2CF1-4CA2-AF68-B40EE4E8F48D}"
EndProject
Project("{2150E333-8FDC-42A3-9474-1A3956D46DE8}") = "Solution Items", "Solution Items", "{A16ED18A-0149-4FE5-AED5-8D37F79B4699}"
	ProjectSection(SolutionItems) = preProject
		appveyor.yml = appveyor.yml
		LICENSE = LICENSE
		README.md = README.md
	EndProjectSection
EndProject
Global
	GlobalSection(SolutionConfigurationPlatforms) = preSolution
		Debug|Any CPU = Debug|Any CPU
		Release|Any CPU = Release|Any CPU
	EndGlobalSection
	GlobalSection(ProjectConfigurationPlatforms) = postSolution
		{064663FE-2CF1-4CA2-AF68-B40EE4E8F48D}.Debug|Any CPU.ActiveCfg = Debug|Any CPU
		{064663FE-2CF1-4CA2-AF68-B40EE4E8F48D}.Debug|Any CPU.Build.0 = Debug|Any CPU
		{064663FE-2CF1-4CA2-AF68-B40EE4E8F48D}.Release|Any CPU.ActiveCfg = Release|Any CPU
		{064663FE-2CF1-4CA2-AF68-B40EE4E8F48D}.Release|Any CPU.Build.0 = Release|Any CPU
	EndGlobalSection
	GlobalSection(SolutionProperties) = preSolution
		HideSolutionNode = FALSE
	EndGlobalSection
EndGlobal
